
Microsoft Visual Studio Solution File, Format Version 12.00
# Visual Studio 15
VisualStudioVersion = 15.0.27130.2020
MinimumVisualStudioVersion = 10.0.40219.1
Project("{FAE04EC0-301F-11D3-BF4B-00C04F79EFBC}") = "PhonewordXamarinForms.Android", "PhonewordXamarinForms\PhonewordXamarinForms.Android\PhonewordXamarinForms.Android.csproj", "{99E57E71-6102-4F22-9A36-DB224CC2181B}"
EndProject
Project("{FAE04EC0-301F-11D3-BF4B-00C04F79EFBC}") = "PhonewordXamarinForms.iOS", "PhonewordXamarinForms\PhonewordXamarinForms.iOS\PhonewordXamarinForms.iOS.csproj", "{601AF931-A94C-4778-96B3-E5E6039C59ED}"
EndProject
Project("{FAE04EC0-301F-11D3-BF4B-00C04F79EFBC}") = "PhonewordXamarinForms.UWP", "PhonewordXamarinForms\PhonewordXamarinForms.UWP\PhonewordXamarinForms.UWP.csproj", "{B578BB83-3427-489F-891D-7145DE547327}"
EndProject
Project("{D954291E-2A0B-460D-934E-DC6B0785DB48}") = "PhonewordXamarinForms", "PhonewordXamarinForms\PhonewordXamarinForms\PhonewordXamarinForms.shproj", "{0A0F1A62-5A03-4A0F-AA91-8564CD85A592}"
EndProject
Global
	GlobalSection(SharedMSBuildProjectFiles) = preSolution
		PhonewordXamarinForms\PhonewordXamarinForms\PhonewordXamarinForms.projitems*{0a0f1a62-5a03-4a0f-aa91-8564cd85a592}*SharedItemsImports = 13
		PhonewordXamarinForms\PhonewordXamarinForms\PhonewordXamarinForms.projitems*{601af931-a94c-4778-96b3-e5e6039c59ed}*SharedItemsImports = 4
		PhonewordXamarinForms\PhonewordXamarinForms\PhonewordXamarinForms.projitems*{99e57e71-6102-4f22-9a36-db224cc2181b}*SharedItemsImports = 4
		PhonewordXamarinForms\PhonewordXamarinForms\PhonewordXamarinForms.projitems*{b578bb83-3427-489f-891d-7145de547327}*SharedItemsImports = 4
	EndGlobalSection
	GlobalSection(SolutionConfigurationPlatforms) = preSolution
		Ad-Hoc|Any CPU = Ad-Hoc|Any CPU
		Ad-Hoc|ARM = Ad-Hoc|ARM
		Ad-Hoc|iPhone = Ad-Hoc|iPhone
		Ad-Hoc|iPhoneSimulator = Ad-Hoc|iPhoneSimulator
		Ad-Hoc|x64 = Ad-Hoc|x64
		Ad-Hoc|x86 = Ad-Hoc|x86
		AppStore|Any CPU = AppStore|Any CPU
		AppStore|ARM = AppStore|ARM
		AppStore|iPhone = AppStore|iPhone
		AppStore|iPhoneSimulator = AppStore|iPhoneSimulator
		AppStore|x64 = AppStore|x64
		AppStore|x86 = AppStore|x86
		Debug|Any CPU = Debug|Any CPU
		Debug|ARM = Debug|ARM
		Debug|iPhone = Debug|iPhone
		Debug|iPhoneSimulator = Debug|iPhoneSimulator
		Debug|x64 = Debug|x64
		Debug|x86 = Debug|x86
		Release|Any CPU = Release|Any CPU
		Release|ARM = Release|ARM
		Release|iPhone = Release|iPhone
		Release|iPhoneSimulator = Release|iPhoneSimulator
		Release|x64 = Release|x64
		Release|x86 = Release|x86
	EndGlobalSection
	GlobalSection(ProjectConfigurationPlatforms) = postSolution
		{99E57E71-6102-4F22-9A36-DB224CC2181B}.Ad-Hoc|Any CPU.ActiveCfg = Release|Any CPU
		{99E57E71-6102-4F22-9A36-DB224CC2181B}.Ad-Hoc|Any CPU.Build.0 = Release|Any CPU
		{99E57E71-6102-4F22-9A36-DB224CC2181B}.Ad-Hoc|Any CPU.Deploy.0 = Release|Any CPU
		{99E57E71-6102-4F22-9A36-DB224CC2181B}.Ad-Hoc|ARM.ActiveCfg = Release|Any CPU
		{99E57E71-6102-4F22-9A36-DB224CC2181B}.Ad-Hoc|ARM.Build.0 = Release|Any CPU
		{99E57E71-6102-4F22-9A36-DB224CC2181B}.Ad-Hoc|ARM.Deploy.0 = Release|Any CPU
		{99E57E71-6102-4F22-9A36-DB224CC2181B}.Ad-Hoc|iPhone.ActiveCfg = Release|Any CPU
		{99E57E71-6102-4F22-9A36-DB224CC2181B}.Ad-Hoc|iPhone.Build.0 = Release|Any CPU
		{99E57E71-6102-4F22-9A36-DB224CC2181B}.Ad-Hoc|iPhone.Deploy.0 = Release|Any CPU
		{99E57E71-6102-4F22-9A36-DB224CC2181B}.Ad-Hoc|iPhoneSimulator.ActiveCfg = Release|Any CPU
		{99E57E71-6102-4F22-9A36-DB224CC2181B}.Ad-Hoc|iPhoneSimulator.Build.0 = Release|Any CPU
		{99E57E71-6102-4F22-9A36-DB224CC2181B}.Ad-Hoc|iPhoneSimulator.Deploy.0 = Release|Any CPU
		{99E57E71-6102-4F22-9A36-DB224CC2181B}.Ad-Hoc|x64.ActiveCfg = Release|Any CPU
		{99E57E71-6102-4F22-9A36-DB224CC2181B}.Ad-Hoc|x64.Build.0 = Release|Any CPU
		{99E57E71-6102-4F22-9A36-DB224CC2181B}.Ad-Hoc|x64.Deploy.0 = Release|Any CPU
		{99E57E71-6102-4F22-9A36-DB224CC2181B}.Ad-Hoc|x86.ActiveCfg = Release|Any CPU
		{99E57E71-6102-4F22-9A36-DB224CC2181B}.Ad-Hoc|x86.Build.0 = Release|Any CPU
		{99E57E71-6102-4F22-9A36-DB224CC2181B}.Ad-Hoc|x86.Deploy.0 = Release|Any CPU
		{99E57E71-6102-4F22-9A36-DB224CC2181B}.AppStore|Any CPU.ActiveCfg = Release|Any CPU
		{99E57E71-6102-4F22-9A36-DB224CC2181B}.AppStore|Any CPU.Build.0 = Release|Any CPU
		{99E57E71-6102-4F22-9A36-DB224CC2181B}.AppStore|Any CPU.Deploy.0 = Release|Any CPU
		{99E57E71-6102-4F22-9A36-DB224CC2181B}.AppStore|ARM.ActiveCfg = Release|Any CPU
		{99E57E71-6102-4F22-9A36-DB224CC2181B}.AppStore|ARM.Build.0 = Release|Any CPU
		{99E57E71-6102-4F22-9A36-DB224CC2181B}.AppStore|ARM.Deploy.0 = Release|Any CPU
		{99E57E71-6102-4F22-9A36-DB224CC2181B}.AppStore|iPhone.ActiveCfg = Release|Any CPU
		{99E57E71-6102-4F22-9A36-DB224CC2181B}.AppStore|iPhone.Build.0 = Release|Any CPU
		{99E57E71-6102-4F22-9A36-DB224CC2181B}.AppStore|iPhone.Deploy.0 = Release|Any CPU
		{99E57E71-6102-4F22-9A36-DB224CC2181B}.AppStore|iPhoneSimulator.ActiveCfg = Release|Any CPU
		{99E57E71-6102-4F22-9A36-DB224CC2181B}.AppStore|iPhoneSimulator.Build.0 = Release|Any CPU
		{99E57E71-6102-4F22-9A36-DB224CC2181B}.AppStore|iPhoneSimulator.Deploy.0 = Release|Any CPU
		{99E57E71-6102-4F22-9A36-DB224CC2181B}.AppStore|x64.ActiveCfg = Release|Any CPU
		{99E57E71-6102-4F22-9A36-DB224CC2181B}.AppStore|x64.Build.0 = Release|Any CPU
		{99E57E71-6102-4F22-9A36-DB224CC2181B}.AppStore|x64.Deploy.0 = Release|Any CPU
		{99E57E71-6102-4F22-9A36-DB224CC2181B}.AppStore|x86.ActiveCfg = Release|Any CPU
		{99E57E71-6102-4F22-9A36-DB224CC2181B}.AppStore|x86.Build.0 = Release|Any CPU
		{99E57E71-6102-4F22-9A36-DB224CC2181B}.AppStore|x86.Deploy.0 = Release|Any CPU
		{99E57E71-6102-4F22-9A36-DB224CC2181B}.Debug|Any CPU.ActiveCfg = Debug|Any CPU
		{99E57E71-6102-4F22-9A36-DB224CC2181B}.Debug|Any CPU.Build.0 = Debug|Any CPU
		{99E57E71-6102-4F22-9A36-DB224CC2181B}.Debug|Any CPU.Deploy.0 = Debug|Any CPU
		{99E57E71-6102-4F22-9A36-DB224CC2181B}.Debug|ARM.ActiveCfg = Debug|Any CPU
		{99E57E71-6102-4F22-9A36-DB224CC2181B}.Debug|ARM.Build.0 = Debug|Any CPU
		{99E57E71-6102-4F22-9A36-DB224CC2181B}.Debug|ARM.Deploy.0 = Debug|Any CPU
		{99E57E71-6102-4F22-9A36-DB224CC2181B}.Debug|iPhone.ActiveCfg = Debug|Any CPU
		{99E57E71-6102-4F22-9A36-DB224CC2181B}.Debug|iPhone.Build.0 = Debug|Any CPU
		{99E57E71-6102-4F22-9A36-DB224CC2181B}.Debug|iPhone.Deploy.0 = Debug|Any CPU
		{99E57E71-6102-4F22-9A36-DB224CC2181B}.Debug|iPhoneSimulator.ActiveCfg = Debug|Any CPU
		{99E57E71-6102-4F22-9A36-DB224CC2181B}.Debug|iPhoneSimulator.Build.0 = Debug|Any CPU
		{99E57E71-6102-4F22-9A36-DB224CC2181B}.Debug|iPhoneSimulator.Deploy.0 = Debug|Any CPU
		{99E57E71-6102-4F22-9A36-DB224CC2181B}.Debug|x64.ActiveCfg = Debug|Any CPU
		{99E57E71-6102-4F22-9A36-DB224CC2181B}.Debug|x64.Build.0 = Debug|Any CPU
		{99E57E71-6102-4F22-9A36-DB224CC2181B}.Debug|x64.Deploy.0 = Debug|Any CPU
		{99E57E71-6102-4F22-9A36-DB224CC2181B}.Debug|x86.ActiveCfg = Debug|Any CPU
		{99E57E71-6102-4F22-9A36-DB224CC2181B}.Debug|x86.Build.0 = Debug|Any CPU
		{99E57E71-6102-4F22-9A36-DB224CC2181B}.Debug|x86.Deploy.0 = Debug|Any CPU
		{99E57E71-6102-4F22-9A36-DB224CC2181B}.Release|Any CPU.ActiveCfg = Release|Any CPU
		{99E57E71-6102-4F22-9A36-DB224CC2181B}.Release|Any CPU.Build.0 = Release|Any CPU
		{99E57E71-6102-4F22-9A36-DB224CC2181B}.Release|Any CPU.Deploy.0 = Release|Any CPU
		{99E57E71-6102-4F22-9A36-DB224CC2181B}.Release|ARM.ActiveCfg = Release|Any CPU
		{99E57E71-6102-4F22-9A36-DB224CC2181B}.Release|ARM.Build.0 = Release|Any CPU
		{99E57E71-6102-4F22-9A36-DB224CC2181B}.Release|ARM.Deploy.0 = Release|Any CPU
		{99E57E71-6102-4F22-9A36-DB224CC2181B}.Release|iPhone.ActiveCfg = Release|Any CPU
		{99E57E71-6102-4F22-9A36-DB224CC2181B}.Release|iPhone.Build.0 = Release|Any CPU
		{99E57E71-6102-4F22-9A36-DB224CC2181B}.Release|iPhone.Deploy.0 = Release|Any CPU
		{99E57E71-6102-4F22-9A36-DB224CC2181B}.Release|iPhoneSimulator.ActiveCfg = Release|Any CPU
		{99E57E71-6102-4F22-9A36-DB224CC2181B}.Release|iPhoneSimulator.Build.0 = Release|Any CPU
		{99E57E71-6102-4F22-9A36-DB224CC2181B}.Release|iPhoneSimulator.Deploy.0 = Release|Any CPU
		{99E57E71-6102-4F22-9A36-DB224CC2181B}.Release|x64.ActiveCfg = Release|Any CPU
		{99E57E71-6102-4F22-9A36-DB224CC2181B}.Release|x64.Build.0 = Release|Any CPU
		{99E57E71-6102-4F22-9A36-DB224CC2181B}.Release|x64.Deploy.0 = Release|Any CPU
		{99E57E71-6102-4F22-9A36-DB224CC2181B}.Release|x86.ActiveCfg = Release|Any CPU
		{99E57E71-6102-4F22-9A36-DB224CC2181B}.Release|x86.Build.0 = Release|Any CPU
		{99E57E71-6102-4F22-9A36-DB224CC2181B}.Release|x86.Deploy.0 = Release|Any CPU
		{601AF931-A94C-4778-96B3-E5E6039C59ED}.Ad-Hoc|Any CPU.ActiveCfg = Ad-Hoc|iPhone
		{601AF931-A94C-4778-96B3-E5E6039C59ED}.Ad-Hoc|ARM.ActiveCfg = Ad-Hoc|iPhone
		{601AF931-A94C-4778-96B3-E5E6039C59ED}.Ad-Hoc|iPhone.ActiveCfg = Ad-Hoc|iPhone
		{601AF931-A94C-4778-96B3-E5E6039C59ED}.Ad-Hoc|iPhone.Build.0 = Ad-Hoc|iPhone
		{601AF931-A94C-4778-96B3-E5E6039C59ED}.Ad-Hoc|iPhoneSimulator.ActiveCfg = Ad-Hoc|iPhoneSimulator
		{601AF931-A94C-4778-96B3-E5E6039C59ED}.Ad-Hoc|iPhoneSimulator.Build.0 = Ad-Hoc|iPhoneSimulator
		{601AF931-A94C-4778-96B3-E5E6039C59ED}.Ad-Hoc|x64.ActiveCfg = Ad-Hoc|iPhone
		{601AF931-A94C-4778-96B3-E5E6039C59ED}.Ad-Hoc|x86.ActiveCfg = Ad-Hoc|iPhone
		{601AF931-A94C-4778-96B3-E5E6039C59ED}.AppStore|Any CPU.ActiveCfg = AppStore|iPhone
		{601AF931-A94C-4778-96B3-E5E6039C59ED}.AppStore|ARM.ActiveCfg = AppStore|iPhone
		{601AF931-A94C-4778-96B3-E5E6039C59ED}.AppStore|iPhone.ActiveCfg = AppStore|iPhone
		{601AF931-A94C-4778-96B3-E5E6039C59ED}.AppStore|iPhone.Build.0 = AppStore|iPhone
		{601AF931-A94C-4778-96B3-E5E6039C59ED}.AppStore|iPhoneSimulator.ActiveCfg = AppStore|iPhoneSimulator
		{601AF931-A94C-4778-96B3-E5E6039C59ED}.AppStore|iPhoneSimulator.Build.0 = AppStore|iPhoneSimulator
		{601AF931-A94C-4778-96B3-E5E6039C59ED}.AppStore|x64.ActiveCfg = AppStore|iPhone
		{601AF931-A94C-4778-96B3-E5E6039C59ED}.AppStore|x86.ActiveCfg = AppStore|iPhone
		{601AF931-A94C-4778-96B3-E5E6039C59ED}.Debug|Any CPU.ActiveCfg = Debug|iPhone
		{601AF931-A94C-4778-96B3-E5E6039C59ED}.Debug|ARM.ActiveCfg = Debug|iPhone
		{601AF931-A94C-4778-96B3-E5E6039C59ED}.Debug|iPhone.ActiveCfg = Debug|iPhone
		{601AF931-A94C-4778-96B3-E5E6039C59ED}.Debug|iPhone.Build.0 = Debug|iPhone
		{601AF931-A94C-4778-96B3-E5E6039C59ED}.Debug|iPhoneSimulator.ActiveCfg = Debug|iPhoneSimulator
		{601AF931-A94C-4778-96B3-E5E6039C59ED}.Debug|iPhoneSimulator.Build.0 = Debug|iPhoneSimulator
		{601AF931-A94C-4778-96B3-E5E6039C59ED}.Debug|x64.ActiveCfg = Debug|iPhone
		{601AF931-A94C-4778-96B3-E5E6039C59ED}.Debug|x86.ActiveCfg = Debug|iPhone
		{601AF931-A94C-4778-96B3-E5E6039C59ED}.Release|Any CPU.ActiveCfg = Release|iPhone
		{601AF931-A94C-4778-96B3-E5E6039C59ED}.Release|ARM.ActiveCfg = Release|iPhone
		{601AF931-A94C-4778-96B3-E5E6039C59ED}.Release|iPhone.ActiveCfg = Release|iPhone
		{601AF931-A94C-4778-96B3-E5E6039C59ED}.Release|iPhone.Build.0 = Release|iPhone
		{601AF931-A94C-4778-96B3-E5E6039C59ED}.Release|iPhoneSimulator.ActiveCfg = Release|iPhoneSimulator
		{601AF931-A94C-4778-96B3-E5E6039C59ED}.Release|iPhoneSimulator.Build.0 = Release|iPhoneSimulator
		{601AF931-A94C-4778-96B3-E5E6039C59ED}.Release|x64.ActiveCfg = Release|iPhone
		{601AF931-A94C-4778-96B3-E5E6039C59ED}.Release|x86.ActiveCfg = Release|iPhone
		{B578BB83-3427-489F-891D-7145DE547327}.Ad-Hoc|Any CPU.ActiveCfg = Release|x86
		{B578BB83-3427-489F-891D-7145DE547327}.Ad-Hoc|Any CPU.Build.0 = Release|x86
		{B578BB83-3427-489F-891D-7145DE547327}.Ad-Hoc|Any CPU.Deploy.0 = Release|x86
		{B578BB83-3427-489F-891D-7145DE547327}.Ad-Hoc|ARM.ActiveCfg = Release|ARM
		{B578BB83-3427-489F-891D-7145DE547327}.Ad-Hoc|ARM.Build.0 = Release|ARM
		{B578BB83-3427-489F-891D-7145DE547327}.Ad-Hoc|ARM.Deploy.0 = Release|ARM
		{B578BB83-3427-489F-891D-7145DE547327}.Ad-Hoc|iPhone.ActiveCfg = Release|x86
		{B578BB83-3427-489F-891D-7145DE547327}.Ad-Hoc|iPhone.Build.0 = Release|x86
		{B578BB83-3427-489F-891D-7145DE547327}.Ad-Hoc|iPhone.Deploy.0 = Release|x86
		{B578BB83-3427-489F-891D-7145DE547327}.Ad-Hoc|iPhoneSimulator.ActiveCfg = Release|x86
		{B578BB83-3427-489F-891D-7145DE547327}.Ad-Hoc|iPhoneSimulator.Build.0 = Release|x86
		{B578BB83-3427-489F-891D-7145DE547327}.Ad-Hoc|iPhoneSimulator.Deploy.0 = Release|x86
		{B578BB83-3427-489F-891D-7145DE547327}.Ad-Hoc|x64.ActiveCfg = Release|x64
		{B578BB83-3427-489F-891D-7145DE547327}.Ad-Hoc|x64.Build.0 = Release|x64
		{B578BB83-3427-489F-891D-7145DE547327}.Ad-Hoc|x64.Deploy.0 = Release|x64
		{B578BB83-3427-489F-891D-7145DE547327}.Ad-Hoc|x86.ActiveCfg = Release|x86
		{B578BB83-3427-489F-891D-7145DE547327}.Ad-Hoc|x86.Build.0 = Release|x86
		{B578BB83-3427-489F-891D-7145DE547327}.Ad-Hoc|x86.Deploy.0 = Release|x86
		{B578BB83-3427-489F-891D-7145DE547327}.AppStore|Any CPU.ActiveCfg = Release|x86
		{B578BB83-3427-489F-891D-7145DE547327}.AppStore|Any CPU.Build.0 = Release|x86
		{B578BB83-3427-489F-891D-7145DE547327}.AppStore|Any CPU.Deploy.0 = Release|x86
		{B578BB83-3427-489F-891D-7145DE547327}.AppStore|ARM.ActiveCfg = Release|ARM
		{B578BB83-3427-489F-891D-7145DE547327}.AppStore|ARM.Build.0 = Release|ARM
		{B578BB83-3427-489F-891D-7145DE547327}.AppStore|ARM.Deploy.0 = Release|ARM
		{B578BB83-3427-489F-891D-7145DE547327}.AppStore|iPhone.ActiveCfg = Release|x86
		{B578BB83-3427-489F-891D-7145DE547327}.AppStore|iPhone.Build.0 = Release|x86
		{B578BB83-3427-489F-891D-7145DE547327}.AppStore|iPhone.Deploy.0 = Release|x86
		{B578BB83-3427-489F-891D-7145DE547327}.AppStore|iPhoneSimulator.ActiveCfg = Release|x86
		{B578BB83-3427-489F-891D-7145DE547327}.AppStore|iPhoneSimulator.Build.0 = Release|x86
		{B578BB83-3427-489F-891D-7145DE547327}.AppStore|iPhoneSimulator.Deploy.0 = Release|x86
		{B578BB83-3427-489F-891D-7145DE547327}.AppStore|x64.ActiveCfg = Release|x64
		{B578BB83-3427-489F-891D-7145DE547327}.AppStore|x64.Build.0 = Release|x64
		{B578BB83-3427-489F-891D-7145DE547327}.AppStore|x64.Deploy.0 = Release|x64
		{B578BB83-3427-489F-891D-7145DE547327}.AppStore|x86.ActiveCfg = Release|x86
		{B578BB83-3427-489F-891D-7145DE547327}.AppStore|x86.Build.0 = Release|x86
		{B578BB83-3427-489F-891D-7145DE547327}.AppStore|x86.Deploy.0 = Release|x86
		{B578BB83-3427-489F-891D-7145DE547327}.Debug|Any CPU.ActiveCfg = Debug|x86
		{B578BB83-3427-489F-891D-7145DE547327}.Debug|ARM.ActiveCfg = Debug|ARM
		{B578BB83-3427-489F-891D-7145DE547327}.Debug|ARM.Build.0 = Debug|ARM
		{B578BB83-3427-489F-891D-7145DE547327}.Debug|ARM.Deploy.0 = Debug|ARM
		{B578BB83-3427-489F-891D-7145DE547327}.Debug|iPhone.ActiveCfg = Debug|x86
		{B578BB83-3427-489F-891D-7145DE547327}.Debug|iPhoneSimulator.ActiveCfg = Debug|x86
		{B578BB83-3427-489F-891D-7145DE547327}.Debug|x64.ActiveCfg = Debug|x64
		{B578BB83-3427-489F-891D-7145DE547327}.Debug|x64.Build.0 = Debug|x64
		{B578BB83-3427-489F-891D-7145DE547327}.Debug|x64.Deploy.0 = Debug|x64
		{B578BB83-3427-489F-891D-7145DE547327}.Debug|x86.ActiveCfg = Debug|x86
		{B578BB83-3427-489F-891D-7145DE547327}.Debug|x86.Build.0 = Debug|x86
		{B578BB83-3427-489F-891D-7145DE547327}.Debug|x86.Deploy.0 = Debug|x86
		{B578BB83-3427-489F-891D-7145DE547327}.Release|Any CPU.ActiveCfg = Release|x86
		{B578BB83-3427-489F-891D-7145DE547327}.Release|ARM.ActiveCfg = Release|ARM
		{B578BB83-3427-489F-891D-7145DE547327}.Release|ARM.Build.0 = Release|ARM
		{B578BB83-3427-489F-891D-7145DE547327}.Release|ARM.Deploy.0 = Release|ARM
		{B578BB83-3427-489F-891D-7145DE547327}.Release|iPhone.ActiveCfg = Release|x86
		{B578BB83-3427-489F-891D-7145DE547327}.Release|iPhoneSimulator.ActiveCfg = Release|x86
		{B578BB83-3427-489F-891D-7145DE547327}.Release|x64.ActiveCfg = Release|x64
		{B578BB83-3427-489F-891D-7145DE547327}.Release|x64.Build.0 = Release|x64
		{B578BB83-3427-489F-891D-7145DE547327}.Release|x64.Deploy.0 = Release|x64
		{B578BB83-3427-489F-891D-7145DE547327}.Release|x86.ActiveCfg = Release|x86
		{B578BB83-3427-489F-891D-7145DE547327}.Release|x86.Build.0 = Release|x86
		{B578BB83-3427-489F-891D-7145DE547327}.Release|x86.Deploy.0 = Release|x86
	EndGlobalSection
	GlobalSection(SolutionProperties) = preSolution
		HideSolutionNode = FALSE
	EndGlobalSection
	GlobalSection(ExtensibilityGlobals) = postSolution
		SolutionGuid = {FC0FC415-78F3-4966-B18B-5C2C4A11661E}
	EndGlobalSection
EndGlobal
